// !$*UTF8*$!
{
	archiveVersion = 1;
	classes = {
	};
	objectVersion = 50;
	objects = {

/* Begin PBXBuildFile section */
		11366C799400E41847DE8D6D /* Pods_SBAFiliacion.framework in Frameworks */ = {isa = PBXBuildFile; fileRef = 7BEE2EA70768CAA460056DB7 /* Pods_SBAFiliacion.framework */; };
		6FA1ED9C214EB9BE00ACBEC7 /* Oswald-Light.ttf in Resources */ = {isa = PBXBuildFile; fileRef = 6FA1ED96214EB9BD00ACBEC7 /* Oswald-Light.ttf */; };
		6FA1ED9D214EB9BE00ACBEC7 /* Oswald-Regular.ttf in Resources */ = {isa = PBXBuildFile; fileRef = 6FA1ED97214EB9BD00ACBEC7 /* Oswald-Regular.ttf */; };
		6FA1ED9E214EB9BE00ACBEC7 /* Oswald-ExtraLight.ttf in Resources */ = {isa = PBXBuildFile; fileRef = 6FA1ED98214EB9BD00ACBEC7 /* Oswald-ExtraLight.ttf */; };
		6FA1ED9F214EB9BE00ACBEC7 /* Oswald-Bold.ttf in Resources */ = {isa = PBXBuildFile; fileRef = 6FA1ED99214EB9BD00ACBEC7 /* Oswald-Bold.ttf */; };
		6FA1EDA0214EB9BE00ACBEC7 /* Oswald-SemiBold.ttf in Resources */ = {isa = PBXBuildFile; fileRef = 6FA1ED9A214EB9BD00ACBEC7 /* Oswald-SemiBold.ttf */; };
		6FA1EDA1214EB9BE00ACBEC7 /* Oswald-Medium.ttf in Resources */ = {isa = PBXBuildFile; fileRef = 6FA1ED9B214EB9BE00ACBEC7 /* Oswald-Medium.ttf */; };
		6FA1EDA3214EF42200ACBEC7 /* MapaViewController.swift in Sources */ = {isa = PBXBuildFile; fileRef = 6FA1EDA2214EF42200ACBEC7 /* MapaViewController.swift */; };
		80C46F0121B705CE002AAC80 /* fichanueva.jpg in Resources */ = {isa = PBXBuildFile; fileRef = 80C46F0021B705CE002AAC80 /* fichanueva.jpg */; };
		A019952E2122541700801DF7 /* ObtenerViewController.swift in Sources */ = {isa = PBXBuildFile; fileRef = A019952D2122541600801DF7 /* ObtenerViewController.swift */; };
		A030E76921287ABC00F455E5 /* EjemplaresTableViewController.swift in Sources */ = {isa = PBXBuildFile; fileRef = A030E76821287ABC00F455E5 /* EjemplaresTableViewController.swift */; };
		A03A9540212B0B7A00802E08 /* EjemplarTableViewController.swift in Sources */ = {isa = PBXBuildFile; fileRef = A03A953F212B0B7A00802E08 /* EjemplarTableViewController.swift */; };
		A042C6482115D2FE00BB27F9 /* AppDelegate.swift in Sources */ = {isa = PBXBuildFile; fileRef = A042C6472115D2FE00BB27F9 /* AppDelegate.swift */; };
		A042C64A2115D2FE00BB27F9 /* HomeViewController.swift in Sources */ = {isa = PBXBuildFile; fileRef = A042C6492115D2FE00BB27F9 /* HomeViewController.swift */; };
		A042C64D2115D2FE00BB27F9 /* Main.storyboard in Resources */ = {isa = PBXBuildFile; fileRef = A042C64B2115D2FE00BB27F9 /* Main.storyboard */; };
		A042C6502115D2FE00BB27F9 /* SBAFiliacion.xcdatamodeld in Sources */ = {isa = PBXBuildFile; fileRef = A042C64E2115D2FE00BB27F9 /* SBAFiliacion.xcdatamodeld */; };
		A042C6522115D30000BB27F9 /* Assets.xcassets in Resources */ = {isa = PBXBuildFile; fileRef = A042C6512115D30000BB27F9 /* Assets.xcassets */; };
		A042C6552115D30000BB27F9 /* LaunchScreen.storyboard in Resources */ = {isa = PBXBuildFile; fileRef = A042C6532115D30000BB27F9 /* LaunchScreen.storyboard */; };
		A04FCD55211F0DCB00FAFDF4 /* PersistenceManager.swift in Sources */ = {isa = PBXBuildFile; fileRef = A04FCD54211F0DCB00FAFDF4 /* PersistenceManager.swift */; };
		A06971FE215061C200A75BE6 /* HarasTableViewController.swift in Sources */ = {isa = PBXBuildFile; fileRef = A06971FD215061C200A75BE6 /* HarasTableViewController.swift */; };
		A0979BA1211BBEB1009F7E31 /* Ejemplar+CoreDataClass.swift in Sources */ = {isa = PBXBuildFile; fileRef = A0979B9F211BBEB1009F7E31 /* Ejemplar+CoreDataClass.swift */; };
		A0979BA2211BBEB1009F7E31 /* Ejemplar+CoreDataProperties.swift in Sources */ = {isa = PBXBuildFile; fileRef = A0979BA0211BBEB1009F7E31 /* Ejemplar+CoreDataProperties.swift */; };
		A0CE13F2212F91B100CD353C /* DibujoViewController.swift in Sources */ = {isa = PBXBuildFile; fileRef = A0CE13F1212F91B100CD353C /* DibujoViewController.swift */; };
		A0E79C5E214DC6C2004828CF /* EjemplarFichaTableViewCell.swift in Sources */ = {isa = PBXBuildFile; fileRef = A0E79C5D214DC6C2004828CF /* EjemplarFichaTableViewCell.swift */; };
		A0E79C66214DC922004828CF /* EjemplarFichaCollectionViewCell.swift in Sources */ = {isa = PBXBuildFile; fileRef = A0E79C65214DC922004828CF /* EjemplarFichaCollectionViewCell.swift */; };
		A0E79C69214DF528004828CF /* EjemplarFotoTableViewCell.swift in Sources */ = {isa = PBXBuildFile; fileRef = A0E79C68214DF528004828CF /* EjemplarFotoTableViewCell.swift */; };
		A0E79C6B214DF5B1004828CF /* EjemplarFotoCollectionViewCell.swift in Sources */ = {isa = PBXBuildFile; fileRef = A0E79C6A214DF5B1004828CF /* EjemplarFotoCollectionViewCell.swift */; };
		A0E813EF21335BB7004082DE /* index.html in Resources */ = {isa = PBXBuildFile; fileRef = A0E813EC21335BB7004082DE /* index.html */; };
		A0E813F021335BB7004082DE /* paper-full.min.js in Resources */ = {isa = PBXBuildFile; fileRef = A0E813ED21335BB7004082DE /* paper-full.min.js */; };
		A0E813F121335BB7004082DE /* ficha.jpg in Resources */ = {isa = PBXBuildFile; fileRef = A0E813EE21335BB7004082DE /* ficha.jpg */; };
/* End PBXBuildFile section */

/* Begin PBXFileReference section */
		30D7083467DA0847A7718473 /* Pods-SBAFiliacion.release.xcconfig */ = {isa = PBXFileReference; includeInIndex = 1; lastKnownFileType = text.xcconfig; name = "Pods-SBAFiliacion.release.xcconfig"; path = "Pods/Target Support Files/Pods-SBAFiliacion/Pods-SBAFiliacion.release.xcconfig"; sourceTree = "<group>"; };
		6BC4192A56128CD2AF11144E /* Pods-SBAFiliacion.debug.xcconfig */ = {isa = PBXFileReference; includeInIndex = 1; lastKnownFileType = text.xcconfig; name = "Pods-SBAFiliacion.debug.xcconfig"; path = "Pods/Target Support Files/Pods-SBAFiliacion/Pods-SBAFiliacion.debug.xcconfig"; sourceTree = "<group>"; };
		6FA1ED96214EB9BD00ACBEC7 /* Oswald-Light.ttf */ = {isa = PBXFileReference; lastKnownFileType = file; path = "Oswald-Light.ttf"; sourceTree = "<group>"; };
		6FA1ED97214EB9BD00ACBEC7 /* Oswald-Regular.ttf */ = {isa = PBXFileReference; lastKnownFileType = file; path = "Oswald-Regular.ttf"; sourceTree = "<group>"; };
		6FA1ED98214EB9BD00ACBEC7 /* Oswald-ExtraLight.ttf */ = {isa = PBXFileReference; lastKnownFileType = file; path = "Oswald-ExtraLight.ttf"; sourceTree = "<group>"; };
		6FA1ED99214EB9BD00ACBEC7 /* Oswald-Bold.ttf */ = {isa = PBXFileReference; lastKnownFileType = file; path = "Oswald-Bold.ttf"; sourceTree = "<group>"; };
		6FA1ED9A214EB9BD00ACBEC7 /* Oswald-SemiBold.ttf */ = {isa = PBXFileReference; lastKnownFileType = file; path = "Oswald-SemiBold.ttf"; sourceTree = "<group>"; };
		6FA1ED9B214EB9BE00ACBEC7 /* Oswald-Medium.ttf */ = {isa = PBXFileReference; lastKnownFileType = file; path = "Oswald-Medium.ttf"; sourceTree = "<group>"; };
		6FA1EDA2214EF42200ACBEC7 /* MapaViewController.swift */ = {isa = PBXFileReference; lastKnownFileType = sourcecode.swift; path = MapaViewController.swift; sourceTree = "<group>"; };
		7BEE2EA70768CAA460056DB7 /* Pods_SBAFiliacion.framework */ = {isa = PBXFileReference; explicitFileType = wrapper.framework; includeInIndex = 0; path = Pods_SBAFiliacion.framework; sourceTree = BUILT_PRODUCTS_DIR; };
		80C46F0021B705CE002AAC80 /* fichanueva.jpg */ = {isa = PBXFileReference; lastKnownFileType = image.jpeg; path = fichanueva.jpg; sourceTree = "<group>"; };
		A019952D2122541600801DF7 /* ObtenerViewController.swift */ = {isa = PBXFileReference; lastKnownFileType = sourcecode.swift; path = ObtenerViewController.swift; sourceTree = "<group>"; };
		A030E76821287ABC00F455E5 /* EjemplaresTableViewController.swift */ = {isa = PBXFileReference; lastKnownFileType = sourcecode.swift; path = EjemplaresTableViewController.swift; sourceTree = "<group>"; };
		A03A953F212B0B7A00802E08 /* EjemplarTableViewController.swift */ = {isa = PBXFileReference; lastKnownFileType = sourcecode.swift; path = EjemplarTableViewController.swift; sourceTree = "<group>"; };
		A042C6442115D2FE00BB27F9 /* SBAFiliacion.app */ = {isa = PBXFileReference; explicitFileType = wrapper.application; includeInIndex = 0; path = SBAFiliacion.app; sourceTree = BUILT_PRODUCTS_DIR; };
		A042C6472115D2FE00BB27F9 /* AppDelegate.swift */ = {isa = PBXFileReference; lastKnownFileType = sourcecode.swift; path = AppDelegate.swift; sourceTree = "<group>"; };
		A042C6492115D2FE00BB27F9 /* HomeViewController.swift */ = {isa = PBXFileReference; lastKnownFileType = sourcecode.swift; path = HomeViewController.swift; sourceTree = "<group>"; };
		A042C64C2115D2FE00BB27F9 /* Base */ = {isa = PBXFileReference; lastKnownFileType = file.storyboard; name = Base; path = Base.lproj/Main.storyboard; sourceTree = "<group>"; };
		A042C64F2115D2FE00BB27F9 /* SBAFiliacion.xcdatamodel */ = {isa = PBXFileReference; lastKnownFileType = wrapper.xcdatamodel; path = SBAFiliacion.xcdatamodel; sourceTree = "<group>"; };
		A042C6512115D30000BB27F9 /* Assets.xcassets */ = {isa = PBXFileReference; lastKnownFileType = folder.assetcatalog; path = Assets.xcassets; sourceTree = "<group>"; };
		A042C6542115D30000BB27F9 /* Base */ = {isa = PBXFileReference; lastKnownFileType = file.storyboard; name = Base; path = Base.lproj/LaunchScreen.storyboard; sourceTree = "<group>"; };
		A042C6562115D30000BB27F9 /* Info.plist */ = {isa = PBXFileReference; lastKnownFileType = text.plist.xml; path = Info.plist; sourceTree = "<group>"; };
		A04FCD54211F0DCB00FAFDF4 /* PersistenceManager.swift */ = {isa = PBXFileReference; lastKnownFileType = sourcecode.swift; path = PersistenceManager.swift; sourceTree = "<group>"; };
		A06971FD215061C200A75BE6 /* HarasTableViewController.swift */ = {isa = PBXFileReference; lastKnownFileType = sourcecode.swift; path = HarasTableViewController.swift; sourceTree = "<group>"; };
		A0979B9F211BBEB1009F7E31 /* Ejemplar+CoreDataClass.swift */ = {isa = PBXFileReference; lastKnownFileType = sourcecode.swift; path = "Ejemplar+CoreDataClass.swift"; sourceTree = "<group>"; };
		A0979BA0211BBEB1009F7E31 /* Ejemplar+CoreDataProperties.swift */ = {isa = PBXFileReference; lastKnownFileType = sourcecode.swift; path = "Ejemplar+CoreDataProperties.swift"; sourceTree = "<group>"; };
		A0CE13F1212F91B100CD353C /* DibujoViewController.swift */ = {isa = PBXFileReference; lastKnownFileType = sourcecode.swift; path = DibujoViewController.swift; sourceTree = "<group>"; };
		A0E79C5D214DC6C2004828CF /* EjemplarFichaTableViewCell.swift */ = {isa = PBXFileReference; lastKnownFileType = sourcecode.swift; path = EjemplarFichaTableViewCell.swift; sourceTree = "<group>"; };
		A0E79C65214DC922004828CF /* EjemplarFichaCollectionViewCell.swift */ = {isa = PBXFileReference; lastKnownFileType = sourcecode.swift; path = EjemplarFichaCollectionViewCell.swift; sourceTree = "<group>"; };
		A0E79C68214DF528004828CF /* EjemplarFotoTableViewCell.swift */ = {isa = PBXFileReference; lastKnownFileType = sourcecode.swift; path = EjemplarFotoTableViewCell.swift; sourceTree = "<group>"; };
		A0E79C6A214DF5B1004828CF /* EjemplarFotoCollectionViewCell.swift */ = {isa = PBXFileReference; lastKnownFileType = sourcecode.swift; path = EjemplarFotoCollectionViewCell.swift; sourceTree = "<group>"; };
		A0E813EC21335BB7004082DE /* index.html */ = {isa = PBXFileReference; fileEncoding = 4; lastKnownFileType = text.html; path = index.html; sourceTree = "<group>"; };
		A0E813ED21335BB7004082DE /* paper-full.min.js */ = {isa = PBXFileReference; fileEncoding = 4; lastKnownFileType = sourcecode.javascript; path = "paper-full.min.js"; sourceTree = "<group>"; };
		A0E813EE21335BB7004082DE /* ficha.jpg */ = {isa = PBXFileReference; lastKnownFileType = image.jpeg; path = ficha.jpg; sourceTree = "<group>"; };
/* End PBXFileReference section */

/* Begin PBXFrameworksBuildPhase section */
		A042C6412115D2FE00BB27F9 /* Frameworks */ = {
			isa = PBXFrameworksBuildPhase;
			buildActionMask = 2147483647;
			files = (
				11366C799400E41847DE8D6D /* Pods_SBAFiliacion.framework in Frameworks */,
			);
			runOnlyForDeploymentPostprocessing = 0;
		};
/* End PBXFrameworksBuildPhase section */

/* Begin PBXGroup section */
		4FF70391BC86F8651CDF0F34 /* Frameworks */ = {
			isa = PBXGroup;
			children = (
				7BEE2EA70768CAA460056DB7 /* Pods_SBAFiliacion.framework */,
			);
			name = Frameworks;
			sourceTree = "<group>";
		};
		512672DC4F8BD5F2787C86C9 /* Pods */ = {
			isa = PBXGroup;
			children = (
				6BC4192A56128CD2AF11144E /* Pods-SBAFiliacion.debug.xcconfig */,
				30D7083467DA0847A7718473 /* Pods-SBAFiliacion.release.xcconfig */,
			);
			name = Pods;
			sourceTree = "<group>";
		};
		A042C63B2115D2FE00BB27F9 = {
			isa = PBXGroup;
			children = (
				A042C6462115D2FE00BB27F9 /* SBAFiliacion */,
				A042C6452115D2FE00BB27F9 /* Products */,
				512672DC4F8BD5F2787C86C9 /* Pods */,
				4FF70391BC86F8651CDF0F34 /* Frameworks */,
			);
			sourceTree = "<group>";
		};
		A042C6452115D2FE00BB27F9 /* Products */ = {
			isa = PBXGroup;
			children = (
				A042C6442115D2FE00BB27F9 /* SBAFiliacion.app */,
			);
			name = Products;
			sourceTree = "<group>";
		};
		A042C6462115D2FE00BB27F9 /* SBAFiliacion */ = {
			isa = PBXGroup;
			children = (
				A0E813EB21335BB7004082DE /* Draw */,
				A0E79C67214DF4F1004828CF /* Fotos */,
				A0514D7721C06E1B0056AA8F /* CoreData */,
				A04FCD54211F0DCB00FAFDF4 /* PersistenceManager.swift */,
				A0CE13F1212F91B100CD353C /* DibujoViewController.swift */,
				A042C6472115D2FE00BB27F9 /* AppDelegate.swift */,
				A042C6492115D2FE00BB27F9 /* HomeViewController.swift */,
				A042C64B2115D2FE00BB27F9 /* Main.storyboard */,
				6FA1EDA2214EF42200ACBEC7 /* MapaViewController.swift */,
				A06971FD215061C200A75BE6 /* HarasTableViewController.swift */,
				A03A953F212B0B7A00802E08 /* EjemplarTableViewController.swift */,
				A0E79C5D214DC6C2004828CF /* EjemplarFichaTableViewCell.swift */,
				A0E79C65214DC922004828CF /* EjemplarFichaCollectionViewCell.swift */,
				A030E76821287ABC00F455E5 /* EjemplaresTableViewController.swift */,
				A019952D2122541600801DF7 /* ObtenerViewController.swift */,
				A042C6532115D30000BB27F9 /* LaunchScreen.storyboard */,
				A042C6562115D30000BB27F9 /* Info.plist */,
				A042C64E2115D2FE00BB27F9 /* SBAFiliacion.xcdatamodeld */,
				A042C6512115D30000BB27F9 /* Assets.xcassets */,
			);
			path = SBAFiliacion;
			sourceTree = "<group>";
		};
		A0514D7721C06E1B0056AA8F /* CoreData */ = {
			isa = PBXGroup;
			children = (
				A0979B9F211BBEB1009F7E31 /* Ejemplar+CoreDataClass.swift */,
				A0979BA0211BBEB1009F7E31 /* Ejemplar+CoreDataProperties.swift */,
			);
			path = CoreData;
			sourceTree = "<group>";
		};
		A0E79C67214DF4F1004828CF /* Fotos */ = {
			isa = PBXGroup;
			children = (
				A0E79C68214DF528004828CF /* EjemplarFotoTableViewCell.swift */,
				A0E79C6A214DF5B1004828CF /* EjemplarFotoCollectionViewCell.swift */,
			);
			path = Fotos;
			sourceTree = "<group>";
		};
		A0E813EB21335BB7004082DE /* Draw */ = {
			isa = PBXGroup;
			children = (
				6FA1ED99214EB9BD00ACBEC7 /* Oswald-Bold.ttf */,
				6FA1ED98214EB9BD00ACBEC7 /* Oswald-ExtraLight.ttf */,
				6FA1ED96214EB9BD00ACBEC7 /* Oswald-Light.ttf */,
				6FA1ED9B214EB9BE00ACBEC7 /* Oswald-Medium.ttf */,
				6FA1ED97214EB9BD00ACBEC7 /* Oswald-Regular.ttf */,
				6FA1ED9A214EB9BD00ACBEC7 /* Oswald-SemiBold.ttf */,
				A0E813EC21335BB7004082DE /* index.html */,
				A0E813ED21335BB7004082DE /* paper-full.min.js */,
				80C46F0021B705CE002AAC80 /* fichanueva.jpg */,
				A0E813EE21335BB7004082DE /* ficha.jpg */,
			);
			path = Draw;
			sourceTree = "<group>";
		};
/* End PBXGroup section */

/* Begin PBXNativeTarget section */
		A042C6432115D2FE00BB27F9 /* SBAFiliacion */ = {
			isa = PBXNativeTarget;
			buildConfigurationList = A042C6592115D30000BB27F9 /* Build configuration list for PBXNativeTarget "SBAFiliacion" */;
			buildPhases = (
				6CF06632ED99A11D87E0829A /* [CP] Check Pods Manifest.lock */,
				A042C6402115D2FE00BB27F9 /* Sources */,
				A042C6412115D2FE00BB27F9 /* Frameworks */,
				A042C6422115D2FE00BB27F9 /* Resources */,
				E89D963DC2E9FA79343EF8C2 /* [CP] Embed Pods Frameworks */,
			);
			buildRules = (
			);
			dependencies = (
			);
			name = SBAFiliacion;
			productName = SBAFiliacion;
			productReference = A042C6442115D2FE00BB27F9 /* SBAFiliacion.app */;
			productType = "com.apple.product-type.application";
		};
/* End PBXNativeTarget section */

/* Begin PBXProject section */
		A042C63C2115D2FE00BB27F9 /* Project object */ = {
			isa = PBXProject;
			attributes = {
				LastSwiftUpdateCheck = 0940;
				LastUpgradeCheck = 0940;
				ORGANIZATIONNAME = "Lucas Avellaneda";
				TargetAttributes = {
					A042C6432115D2FE00BB27F9 = {
						CreatedOnToolsVersion = 9.4.1;
						LastSwiftMigration = 1010;
					};
				};
			};
			buildConfigurationList = A042C63F2115D2FE00BB27F9 /* Build configuration list for PBXProject "SBAFiliacion" */;
			compatibilityVersion = "Xcode 9.3";
			developmentRegion = en;
			hasScannedForEncodings = 0;
			knownRegions = (
				en,
				Base,
			);
			mainGroup = A042C63B2115D2FE00BB27F9;
			productRefGroup = A042C6452115D2FE00BB27F9 /* Products */;
			projectDirPath = "";
			projectRoot = "";
			targets = (
				A042C6432115D2FE00BB27F9 /* SBAFiliacion */,
			);
		};
/* End PBXProject section */

/* Begin PBXResourcesBuildPhase section */
		A042C6422115D2FE00BB27F9 /* Resources */ = {
			isa = PBXResourcesBuildPhase;
			buildActionMask = 2147483647;
			files = (
				A042C6552115D30000BB27F9 /* LaunchScreen.storyboard in Resources */,
				80C46F0121B705CE002AAC80 /* fichanueva.jpg in Resources */,
				6FA1ED9F214EB9BE00ACBEC7 /* Oswald-Bold.ttf in Resources */,
				A0E813EF21335BB7004082DE /* index.html in Resources */,
				A042C6522115D30000BB27F9 /* Assets.xcassets in Resources */,
				6FA1ED9C214EB9BE00ACBEC7 /* Oswald-Light.ttf in Resources */,
				A0E813F121335BB7004082DE /* ficha.jpg in Resources */,
				A042C64D2115D2FE00BB27F9 /* Main.storyboard in Resources */,
				A0E813F021335BB7004082DE /* paper-full.min.js in Resources */,
				6FA1ED9D214EB9BE00ACBEC7 /* Oswald-Regular.ttf in Resources */,
				6FA1EDA1214EB9BE00ACBEC7 /* Oswald-Medium.ttf in Resources */,
				6FA1EDA0214EB9BE00ACBEC7 /* Oswald-SemiBold.ttf in Resources */,
				6FA1ED9E214EB9BE00ACBEC7 /* Oswald-ExtraLight.ttf in Resources */,
			);
			runOnlyForDeploymentPostprocessing = 0;
		};
/* End PBXResourcesBuildPhase section */

/* Begin PBXShellScriptBuildPhase section */
		6CF06632ED99A11D87E0829A /* [CP] Check Pods Manifest.lock */ = {
			isa = PBXShellScriptBuildPhase;
			buildActionMask = 2147483647;
			files = (
			);
			inputPaths = (
				"${PODS_PODFILE_DIR_PATH}/Podfile.lock",
				"${PODS_ROOT}/Manifest.lock",
			);
			name = "[CP] Check Pods Manifest.lock";
			outputPaths = (
				"$(DERIVED_FILE_DIR)/Pods-SBAFiliacion-checkManifestLockResult.txt",
			);
			runOnlyForDeploymentPostprocessing = 0;
			shellPath = /bin/sh;
			shellScript = "diff \"${PODS_PODFILE_DIR_PATH}/Podfile.lock\" \"${PODS_ROOT}/Manifest.lock\" > /dev/null\nif [ $? != 0 ] ; then\n    # print error to STDERR\n    echo \"error: The sandbox is not in sync with the Podfile.lock. Run 'pod install' or update your CocoaPods installation.\" >&2\n    exit 1\nfi\n# This output is used by Xcode 'outputs' to avoid re-running this script phase.\necho \"SUCCESS\" > \"${SCRIPT_OUTPUT_FILE_0}\"\n";
			showEnvVarsInLog = 0;
		};
		E89D963DC2E9FA79343EF8C2 /* [CP] Embed Pods Frameworks */ = {
			isa = PBXShellScriptBuildPhase;
			buildActionMask = 12;
			files = (
			);
			inputPaths = (
				"${SRCROOT}/Pods/Target Support Files/Pods-SBAFiliacion/Pods-SBAFiliacion-frameworks.sh",
				"${BUILT_PRODUCTS_DIR}/Alamofire/Alamofire.framework",
			);
			name = "[CP] Embed Pods Frameworks";
			outputPaths = (
				"${TARGET_BUILD_DIR}/${FRAMEWORKS_FOLDER_PATH}/Alamofire.framework",
			);
			runOnlyForDeploymentPostprocessing = 0;
			shellPath = /bin/sh;
			shellScript = "\"${SRCROOT}/Pods/Target Support Files/Pods-SBAFiliacion/Pods-SBAFiliacion-frameworks.sh\"\n";
			showEnvVarsInLog = 0;
		};
/* End PBXShellScriptBuildPhase section */

/* Begin PBXSourcesBuildPhase section */
		A042C6402115D2FE00BB27F9 /* Sources */ = {
			isa = PBXSourcesBuildPhase;
			buildActionMask = 2147483647;
			files = (
				A042C64A2115D2FE00BB27F9 /* HomeViewController.swift in Sources */,
				A03A9540212B0B7A00802E08 /* EjemplarTableViewController.swift in Sources */,
				A0E79C6B214DF5B1004828CF /* EjemplarFotoCollectionViewCell.swift in Sources */,
				A04FCD55211F0DCB00FAFDF4 /* PersistenceManager.swift in Sources */,
				A0979BA2211BBEB1009F7E31 /* Ejemplar+CoreDataProperties.swift in Sources */,
				A042C6502115D2FE00BB27F9 /* SBAFiliacion.xcdatamodeld in Sources */,
				A0E79C5E214DC6C2004828CF /* EjemplarFichaTableViewCell.swift in Sources */,
				6FA1EDA3214EF42200ACBEC7 /* MapaViewController.swift in Sources */,
				A042C6482115D2FE00BB27F9 /* AppDelegate.swift in Sources */,
				A030E76921287ABC00F455E5 /* EjemplaresTableViewController.swift in Sources */,
				A0CE13F2212F91B100CD353C /* DibujoViewController.swift in Sources */,
				A019952E2122541700801DF7 /* ObtenerViewController.swift in Sources */,
				A0E79C66214DC922004828CF /* EjemplarFichaCollectionViewCell.swift in Sources */,
				A0E79C69214DF528004828CF /* EjemplarFotoTableViewCell.swift in Sources */,
				A0979BA1211BBEB1009F7E31 /* Ejemplar+CoreDataClass.swift in Sources */,
				A06971FE215061C200A75BE6 /* HarasTableViewController.swift in Sources */,
			);
			runOnlyForDeploymentPostprocessing = 0;
		};
/* End PBXSourcesBuildPhase section */

/* Begin PBXVariantGroup section */
		A042C64B2115D2FE00BB27F9 /* Main.storyboard */ = {
			isa = PBXVariantGroup;
			children = (
				A042C64C2115D2FE00BB27F9 /* Base */,
			);
			name = Main.storyboard;
			sourceTree = "<group>";
		};
		A042C6532115D30000BB27F9 /* LaunchScreen.storyboard */ = {
			isa = PBXVariantGroup;
			children = (
				A042C6542115D30000BB27F9 /* Base */,
			);
			name = LaunchScreen.storyboard;
			sourceTree = "<group>";
		};
/* End PBXVariantGroup section */

/* Begin XCBuildConfiguration section */
		A042C6572115D30000BB27F9 /* Debug */ = {
			isa = XCBuildConfiguration;
			buildSettings = {
				ALWAYS_SEARCH_USER_PATHS = NO;
				CLANG_ANALYZER_NONNULL = YES;
				CLANG_ANALYZER_NUMBER_OBJECT_CONVERSION = YES_AGGRESSIVE;
				CLANG_CXX_LANGUAGE_STANDARD = "gnu++14";
				CLANG_CXX_LIBRARY = "libc++";
				CLANG_ENABLE_MODULES = YES;
				CLANG_ENABLE_OBJC_ARC = YES;
				CLANG_ENABLE_OBJC_WEAK = YES;
				CLANG_WARN_BLOCK_CAPTURE_AUTORELEASING = YES;
				CLANG_WARN_BOOL_CONVERSION = YES;
				CLANG_WARN_COMMA = YES;
				CLANG_WARN_CONSTANT_CONVERSION = YES;
				CLANG_WARN_DEPRECATED_OBJC_IMPLEMENTATIONS = YES;
				CLANG_WARN_DIRECT_OBJC_ISA_USAGE = YES_ERROR;
				CLANG_WARN_DOCUMENTATION_COMMENTS = YES;
				CLANG_WARN_EMPTY_BODY = YES;
				CLANG_WARN_ENUM_CONVERSION = YES;
				CLANG_WARN_INFINITE_RECURSION = YES;
				CLANG_WARN_INT_CONVERSION = YES;
				CLANG_WARN_NON_LITERAL_NULL_CONVERSION = YES;
				CLANG_WARN_OBJC_IMPLICIT_RETAIN_SELF = YES;
				CLANG_WARN_OBJC_LITERAL_CONVERSION = YES;
				CLANG_WARN_OBJC_ROOT_CLASS = YES_ERROR;
				CLANG_WARN_RANGE_LOOP_ANALYSIS = YES;
				CLANG_WARN_STRICT_PROTOTYPES = YES;
				CLANG_WARN_SUSPICIOUS_MOVE = YES;
				CLANG_WARN_UNGUARDED_AVAILABILITY = YES_AGGRESSIVE;
				CLANG_WARN_UNREACHABLE_CODE = YES;
				CLANG_WARN__DUPLICATE_METHOD_MATCH = YES;
				CODE_SIGN_IDENTITY = "iPhone Developer";
				COPY_PHASE_STRIP = NO;
				DEBUG_INFORMATION_FORMAT = dwarf;
				ENABLE_STRICT_OBJC_MSGSEND = YES;
				ENABLE_TESTABILITY = YES;
				GCC_C_LANGUAGE_STANDARD = gnu11;
				GCC_DYNAMIC_NO_PIC = NO;
				GCC_NO_COMMON_BLOCKS = YES;
				GCC_OPTIMIZATION_LEVEL = 0;
				GCC_PREPROCESSOR_DEFINITIONS = (
					"DEBUG=1",
					"$(inherited)",
				);
				GCC_WARN_64_TO_32_BIT_CONVERSION = YES;
				GCC_WARN_ABOUT_RETURN_TYPE = YES_ERROR;
				GCC_WARN_UNDECLARED_SELECTOR = YES;
				GCC_WARN_UNINITIALIZED_AUTOS = YES_AGGRESSIVE;
				GCC_WARN_UNUSED_FUNCTION = YES;
				GCC_WARN_UNUSED_VARIABLE = YES;
				IPHONEOS_DEPLOYMENT_TARGET = 11.4;
				MTL_ENABLE_DEBUG_INFO = YES;
				ONLY_ACTIVE_ARCH = YES;
				SDKROOT = iphoneos;
				SWIFT_ACTIVE_COMPILATION_CONDITIONS = DEBUG;
				SWIFT_OPTIMIZATION_LEVEL = "-Onone";
			};
			name = Debug;
		};
		A042C6582115D30000BB27F9 /* Release */ = {
			isa = XCBuildConfiguration;
			buildSettings = {
				ALWAYS_SEARCH_USER_PATHS = NO;
				CLANG_ANALYZER_NONNULL = YES;
				CLANG_ANALYZER_NUMBER_OBJECT_CONVERSION = YES_AGGRESSIVE;
				CLANG_CXX_LANGUAGE_STANDARD = "gnu++14";
				CLANG_CXX_LIBRARY = "libc++";
				CLANG_ENABLE_MODULES = YES;
				CLANG_ENABLE_OBJC_ARC = YES;
				CLANG_ENABLE_OBJC_WEAK = YES;
				CLANG_WARN_BLOCK_CAPTURE_AUTORELEASING = YES;
				CLANG_WARN_BOOL_CONVERSION = YES;
				CLANG_WARN_COMMA = YES;
				CLANG_WARN_CONSTANT_CONVERSION = YES;
				CLANG_WARN_DEPRECATED_OBJC_IMPLEMENTATIONS = YES;
				CLANG_WARN_DIRECT_OBJC_ISA_USAGE = YES_ERROR;
				CLANG_WARN_DOCUMENTATION_COMMENTS = YES;
				CLANG_WARN_EMPTY_BODY = YES;
				CLANG_WARN_ENUM_CONVERSION = YES;
				CLANG_WARN_INFINITE_RECURSION = YES;
				CLANG_WARN_INT_CONVERSION = YES;
				CLANG_WARN_NON_LITERAL_NULL_CONVERSION = YES;
				CLANG_WARN_OBJC_IMPLICIT_RETAIN_SELF = YES;
				CLANG_WARN_OBJC_LITERAL_CONVERSION = YES;
				CLANG_WARN_OBJC_ROOT_CLASS = YES_ERROR;
				CLANG_WARN_RANGE_LOOP_ANALYSIS = YES;
				CLANG_WARN_STRICT_PROTOTYPES = YES;
				CLANG_WARN_SUSPICIOUS_MOVE = YES;
				CLANG_WARN_UNGUARDED_AVAILABILITY = YES_AGGRESSIVE;
				CLANG_WARN_UNREACHABLE_CODE = YES;
				CLANG_WARN__DUPLICATE_METHOD_MATCH = YES;
				CODE_SIGN_IDENTITY = "iPhone Developer";
				COPY_PHASE_STRIP = NO;
				DEBUG_INFORMATION_FORMAT = "dwarf-with-dsym";
				ENABLE_NS_ASSERTIONS = NO;
				ENABLE_STRICT_OBJC_MSGSEND = YES;
				GCC_C_LANGUAGE_STANDARD = gnu11;
				GCC_NO_COMMON_BLOCKS = YES;
				GCC_WARN_64_TO_32_BIT_CONVERSION = YES;
				GCC_WARN_ABOUT_RETURN_TYPE = YES_ERROR;
				GCC_WARN_UNDECLARED_SELECTOR = YES;
				GCC_WARN_UNINITIALIZED_AUTOS = YES_AGGRESSIVE;
				GCC_WARN_UNUSED_FUNCTION = YES;
				GCC_WARN_UNUSED_VARIABLE = YES;
				IPHONEOS_DEPLOYMENT_TARGET = 11.4;
				MTL_ENABLE_DEBUG_INFO = NO;
				SDKROOT = iphoneos;
				SWIFT_COMPILATION_MODE = wholemodule;
				SWIFT_OPTIMIZATION_LEVEL = "-O";
				VALIDATE_PRODUCT = YES;
			};
			name = Release;
		};
		A042C65A2115D30000BB27F9 /* Debug */ = {
			isa = XCBuildConfiguration;
			baseConfigurationReference = 6BC4192A56128CD2AF11144E /* Pods-SBAFiliacion.debug.xcconfig */;
			buildSettings = {
				ASSETCATALOG_COMPILER_APPICON_NAME = AppIcon;
				CODE_SIGN_IDENTITY = "iPhone Developer";
				CODE_SIGN_STYLE = Automatic;
				DEVELOPMENT_TEAM = MVUDXFDAN2;
				INFOPLIST_FILE = SBAFiliacion/Info.plist;
				IPHONEOS_DEPLOYMENT_TARGET = 10.3;
				LD_RUNPATH_SEARCH_PATHS = (
					"$(inherited)",
					"@executable_path/Frameworks",
				);
				PRODUCT_BUNDLE_IDENTIFIER = ar.com.myproject.SBAFiliacion;
				PRODUCT_NAME = "$(TARGET_NAME)";
				PROVISIONING_PROFILE_SPECIFIER = "";
				SWIFT_VERSION = 4.2;
				TARGETED_DEVICE_FAMILY = "1,2";
			};
			name = Debug;
		};
		A042C65B2115D30000BB27F9 /* Release */ = {
			isa = XCBuildConfiguration;
			baseConfigurationReference = 30D7083467DA0847A7718473 /* Pods-SBAFiliacion.release.xcconfig */;
			buildSettings = {
				ASSETCATALOG_COMPILER_APPICON_NAME = AppIcon;
				CODE_SIGN_IDENTITY = "iPhone Developer";
				CODE_SIGN_STYLE = Automatic;
				DEVELOPMENT_TEAM = MVUDXFDAN2;
				INFOPLIST_FILE = SBAFiliacion/Info.plist;
				IPHONEOS_DEPLOYMENT_TARGET = 10.3;
				LD_RUNPATH_SEARCH_PATHS = (
					"$(inherited)",
					"@executable_path/Frameworks",
				);
				PRODUCT_BUNDLE_IDENTIFIER = ar.com.myproject.SBAFiliacion;
				PRODUCT_NAME = "$(TARGET_NAME)";
				PROVISIONING_PROFILE_SPECIFIER = "";
				SWIFT_VERSION = 4.2;
				TARGETED_DEVICE_FAMILY = "1,2";
			};
			name = Release;
		};
/* End XCBuildConfiguration section */

/* Begin XCConfigurationList section */
		A042C63F2115D2FE00BB27F9 /* Build configuration list for PBXProject "SBAFiliacion" */ = {
			isa = XCConfigurationList;
			buildConfigurations = (
				A042C6572115D30000BB27F9 /* Debug */,
				A042C6582115D30000BB27F9 /* Release */,
			);
			defaultConfigurationIsVisible = 0;
			defaultConfigurationName = Release;
		};
		A042C6592115D30000BB27F9 /* Build configuration list for PBXNativeTarget "SBAFiliacion" */ = {
			isa = XCConfigurationList;
			buildConfigurations = (
				A042C65A2115D30000BB27F9 /* Debug */,
				A042C65B2115D30000BB27F9 /* Release */,
			);
			defaultConfigurationIsVisible = 0;
			defaultConfigurationName = Release;
		};
/* End XCConfigurationList section */

/* Begin XCVersionGroup section */
		A042C64E2115D2FE00BB27F9 /* SBAFiliacion.xcdatamodeld */ = {
			isa = XCVersionGroup;
			children = (
				A042C64F2115D2FE00BB27F9 /* SBAFiliacion.xcdatamodel */,
			);
			currentVersion = A042C64F2115D2FE00BB27F9 /* SBAFiliacion.xcdatamodel */;
			path = SBAFiliacion.xcdatamodeld;
			sourceTree = "<group>";
			versionGroupType = wrapper.xcdatamodel;
		};
/* End XCVersionGroup section */
	};
	rootObject = A042C63C2115D2FE00BB27F9 /* Project object */;
}
